
Microsoft Visual Studio Solution File, Format Version 12.00
# Visual Studio Version 17
VisualStudioVersion = 17.4.33213.308
MinimumVisualStudioVersion = 10.0.40219.1
Project("{FAE04EC0-301F-11D3-BF4B-00C04F79EFBC}") = "aspnetcore", "aspnetcore\aspnetcore.csproj", "{0BC8DB1F-1334-49C5-9C1E-2CDF857F6CDC}"
EndProject
Global
	GlobalSection(SolutionConfigurationPlatforms) = preSolution
		Debug|Any CPU = Debug|Any CPU
		Release|Any CPU = Release|Any CPU
	EndGlobalSection
	GlobalSection(ProjectConfigurationPlatforms) = postSolution
		{0BC8DB1F-1334-49C5-9C1E-2CDF857F6CDC}.Debug|Any CPU.ActiveCfg = Debug|Any CPU
		{0BC8DB1F-1334-49C5-9C1E-2CDF857F6CDC}.Debug|Any CPU.Build.0 = Debug|Any CPU
		{0BC8DB1F-1334-49C5-9C1E-2CDF857F6CDC}.Release|Any CPU.ActiveCfg = Release|Any CPU
		{0BC8DB1F-1334-49C5-9C1E-2CDF857F6CDC}.Release|Any CPU.Build.0 = Release|Any CPU
	EndGlobalSection
	GlobalSection(SolutionProperties) = preSolution
		HideSolutionNode = FALSE
	EndGlobalSection
	GlobalSection(ExtensibilityGlobals) = postSolution
		SolutionGuid = {A216BA60-A67C-4EBC-85F3-A780658EDB54}
	EndGlobalSection
EndGlobal
